
Microsoft Visual Studio Solution File, Format Version 11.00
# Visual C++ Express 2010
Project("{8BC9CEB8-8B4A-11D0-8D11-00A0C91BC942}") = "RQ1_Test", "RQ1_Test.vcxproj", "{00C4D0B0-1A6F-4609-9461-CBCA54124CDF}"
EndProject
Global
	GlobalSection(SolutionConfigurationPlatforms) = preSolution
		Debug|Win32 = Debug|Win32
		Release|Win32 = Release|Win32
	EndGlobalSection
	GlobalSection(ProjectConfigurationPlatforms) = postSolution
		{00C4D0B0-1A6F-4609-9461-CBCA54124CDF}.Debug|Win32.ActiveCfg = Debug|Win32
		{00C4D0B0-1A6F-4609-9461-CBCA54124CDF}.Debug|Win32.Build.0 = Debug|Win32
		{00C4D0B0-1A6F-4609-9461-CBCA54124CDF}.Release|Win32.ActiveCfg = Release|Win32
		{00C4D0B0-1A6F-4609-9461-CBCA54124CDF}.Release|Win32.Build.0 = Release|Win32
	EndGlobalSection
	GlobalSection(SolutionProperties) = preSolution
		HideSolutionNode = FALSE
	EndGlobalSection
EndGlobal
