
Microsoft Visual Studio Solution File, Format Version 9.00
# Visual Studio 2005
Project("{8BC9CEB8-8B4A-11D0-8D11-00A0C91BC942}") = "GX3_45_Test", "GX3_35_Test.vcproj", "{2485AB6D-CE82-473C-A6F7-6FF2CC3D540C}"
EndProject
Global
	GlobalSection(SolutionConfigurationPlatforms) = preSolution
		Debug|Win32 = Debug|Win32
		Release|Win32 = Release|Win32
	EndGlobalSection
	GlobalSection(ProjectConfigurationPlatforms) = postSolution
		{2485AB6D-CE82-473C-A6F7-6FF2CC3D540C}.Debug|Win32.ActiveCfg = Debug|Win32
		{2485AB6D-CE82-473C-A6F7-6FF2CC3D540C}.Debug|Win32.Build.0 = Debug|Win32
		{2485AB6D-CE82-473C-A6F7-6FF2CC3D540C}.Release|Win32.ActiveCfg = Release|Win32
		{2485AB6D-CE82-473C-A6F7-6FF2CC3D540C}.Release|Win32.Build.0 = Release|Win32
	EndGlobalSection
	GlobalSection(SolutionProperties) = preSolution
		HideSolutionNode = FALSE
	EndGlobalSection
EndGlobal
